// !$*UTF8*$!
{
	archiveVersion = 1;
	classes = {
	};
	objectVersion = 55;
	objects = {

/* Begin PBXBuildFile section */
		064B2ED228646362009706D1 /* FeetishBasicLoaderView.swift in Sources */ = {isa = PBXBuildFile; fileRef = 064B2ED128646362009706D1 /* FeetishBasicLoaderView.swift */; };
		064B2ED72864B3B9009706D1 /* ForgottenPasswordView.swift in Sources */ = {isa = PBXBuildFile; fileRef = 064B2ED62864B3B9009706D1 /* ForgottenPasswordView.swift */; };
		064B2EDB2864B403009706D1 /* LoginView.swift in Sources */ = {isa = PBXBuildFile; fileRef = 064B2EDA2864B403009706D1 /* LoginView.swift */; };
		064B2EDE2864B4A9009706D1 /* SignUpView.swift in Sources */ = {isa = PBXBuildFile; fileRef = 064B2EDD2864B4A9009706D1 /* SignUpView.swift */; };
		064B2EE12865AA2B009706D1 /* AuthenticationJourneyPosition.swift in Sources */ = {isa = PBXBuildFile; fileRef = 064B2EE02865AA2B009706D1 /* AuthenticationJourneyPosition.swift */; };
		0661960D28611757008DEC29 /* OnlyFeetApp.swift in Sources */ = {isa = PBXBuildFile; fileRef = 0661960C28611757008DEC29 /* OnlyFeetApp.swift */; };
		0661961128611759008DEC29 /* Assets.xcassets in Resources */ = {isa = PBXBuildFile; fileRef = 0661961028611759008DEC29 /* Assets.xcassets */; };
		0661961428611759008DEC29 /* Preview Assets.xcassets in Resources */ = {isa = PBXBuildFile; fileRef = 0661961328611759008DEC29 /* Preview Assets.xcassets */; };
		0661961E28611759008DEC29 /* OnlyFeetTests.swift in Sources */ = {isa = PBXBuildFile; fileRef = 0661961D28611759008DEC29 /* OnlyFeetTests.swift */; };
		0661963E286136A7008DEC29 /* AuthenticationViewModel.swift in Sources */ = {isa = PBXBuildFile; fileRef = 0661963D286136A7008DEC29 /* AuthenticationViewModel.swift */; };
		06619641286136CD008DEC29 /* HomeAuthenticationView.swift in Sources */ = {isa = PBXBuildFile; fileRef = 06619640286136CD008DEC29 /* HomeAuthenticationView.swift */; };
		0661964428613727008DEC29 /* View+.swift in Sources */ = {isa = PBXBuildFile; fileRef = 0661964328613727008DEC29 /* View+.swift */; };
		06619647286138E3008DEC29 /* AuthenticationCurveShape.swift in Sources */ = {isa = PBXBuildFile; fileRef = 06619646286138E3008DEC29 /* AuthenticationCurveShape.swift */; };
		0661964C2862FDDB008DEC29 /* FeetishGender.swift in Sources */ = {isa = PBXBuildFile; fileRef = 0661964B2862FDDB008DEC29 /* FeetishGender.swift */; };
		0661964F2862FE57008DEC29 /* FeetishAccount.swift in Sources */ = {isa = PBXBuildFile; fileRef = 0661964E2862FE57008DEC29 /* FeetishAccount.swift */; };
		066196512863000A008DEC29 /* FeetishAuthentication.swift in Sources */ = {isa = PBXBuildFile; fileRef = 066196502863000A008DEC29 /* FeetishAuthentication.swift */; };
		066196552863021B008DEC29 /* AppDelegate.swift in Sources */ = {isa = PBXBuildFile; fileRef = 066196542863021B008DEC29 /* AppDelegate.swift */; };
		0661965728633835008DEC29 /* FeetishAuthError.swift in Sources */ = {isa = PBXBuildFile; fileRef = 0661965628633834008DEC29 /* FeetishAuthError.swift */; };
		0661965F28633C15008DEC29 /* FeetishAuthSubject.swift in Sources */ = {isa = PBXBuildFile; fileRef = 0661965E28633C15008DEC29 /* FeetishAuthSubject.swift */; };
		0661966228633DFD008DEC29 /* getCurrentInterval.swift in Sources */ = {isa = PBXBuildFile; fileRef = 0661966128633DFD008DEC29 /* getCurrentInterval.swift */; };
		0661966528633E28008DEC29 /* GoogleService-Info.plist in Resources */ = {isa = PBXBuildFile; fileRef = 0661966428633E28008DEC29 /* GoogleService-Info.plist */; };
		0661966928638D31008DEC29 /* String+.swift in Sources */ = {isa = PBXBuildFile; fileRef = 0661966828638D31008DEC29 /* String+.swift */; };
		0661966D28638FD1008DEC29 /* FeetishBannerData.swift in Sources */ = {isa = PBXBuildFile; fileRef = 0661966C28638FD1008DEC29 /* FeetishBannerData.swift */; };
		0661967028638FF3008DEC29 /* FeetishBannerView.swift in Sources */ = {isa = PBXBuildFile; fileRef = 0661966F28638FF3008DEC29 /* FeetishBannerView.swift */; };
		06619676286390CA008DEC29 /* FeetishBannerViewModel.swift in Sources */ = {isa = PBXBuildFile; fileRef = 06619675286390CA008DEC29 /* FeetishBannerViewModel.swift */; };
		066196792863BD8C008DEC29 /* SystemReachability.swift in Sources */ = {isa = PBXBuildFile; fileRef = 066196782863BD8C008DEC29 /* SystemReachability.swift */; };
		0661967E2863C3DF008DEC29 /* FeetishAccountTests.swift in Sources */ = {isa = PBXBuildFile; fileRef = 0661967D2863C3DF008DEC29 /* FeetishAccountTests.swift */; };
		066196812863C613008DEC29 /* FeetishBannerViewModelTests.swift in Sources */ = {isa = PBXBuildFile; fileRef = 066196802863C613008DEC29 /* FeetishBannerViewModelTests.swift */; };
		066196842863C6C8008DEC29 /* FeetishAuthenticationServiceTests.swift in Sources */ = {isa = PBXBuildFile; fileRef = 066196832863C6C8008DEC29 /* FeetishAuthenticationServiceTests.swift */; };
		0661968C2863D77D008DEC29 /* AuthenticationViewModelTests.swift in Sources */ = {isa = PBXBuildFile; fileRef = 0661968B2863D77D008DEC29 /* AuthenticationViewModelTests.swift */; };
		0662445428692A2D003B50F3 /* AuthenticationJourneyNameView.swift in Sources */ = {isa = PBXBuildFile; fileRef = 0662445328692A2D003B50F3 /* AuthenticationJourneyNameView.swift */; };
		0662445728692D26003B50F3 /* AuthenticationJourneyDateOfBirthSelectionView.swift in Sources */ = {isa = PBXBuildFile; fileRef = 0662445628692D26003B50F3 /* AuthenticationJourneyDateOfBirthSelectionView.swift */; };
		0662445A28693273003B50F3 /* Date+.swift in Sources */ = {isa = PBXBuildFile; fileRef = 0662445928693273003B50F3 /* Date+.swift */; };
		0662445D286934D9003B50F3 /* AuthenticationJourneyGenderSelectionView.swift in Sources */ = {isa = PBXBuildFile; fileRef = 0662445C286934D9003B50F3 /* AuthenticationJourneyGenderSelectionView.swift */; };
		0662446028693796003B50F3 /* AuthenticationJourneyViewModelTests.swift in Sources */ = {isa = PBXBuildFile; fileRef = 0662445F28693796003B50F3 /* AuthenticationJourneyViewModelTests.swift */; };
		0662446428693BA6003B50F3 /* AuthenticationJourneyProfilePhotoView.swift in Sources */ = {isa = PBXBuildFile; fileRef = 0662446328693BA6003B50F3 /* AuthenticationJourneyProfilePhotoView.swift */; };
		0662446828693CAD003B50F3 /* ImagePickerView.swift in Sources */ = {isa = PBXBuildFile; fileRef = 0662446728693CAD003B50F3 /* ImagePickerView.swift */; };
		0662446B28693F86003B50F3 /* FeetishImageCroppingView.swift in Sources */ = {isa = PBXBuildFile; fileRef = 0662446A28693F86003B50F3 /* FeetishImageCroppingView.swift */; };
		0662446E28694219003B50F3 /* UIApplication+.swift in Sources */ = {isa = PBXBuildFile; fileRef = 0662446D28694219003B50F3 /* UIApplication+.swift */; };
		066244712869B2B6003B50F3 /* BiometricType.swift in Sources */ = {isa = PBXBuildFile; fileRef = 066244702869B2B6003B50F3 /* BiometricType.swift */; };
		0666F2CE2877338F0034D537 /* OFCameraErrorr.swift in Sources */ = {isa = PBXBuildFile; fileRef = 0666F2CD2877338F0034D537 /* OFCameraErrorr.swift */; };
		0666F2D1287733F30034D537 /* CGImage+.swift in Sources */ = {isa = PBXBuildFile; fileRef = 0666F2D0287733F30034D537 /* CGImage+.swift */; };
		0666F2DC287736FE0034D537 /* CameraFrameView.swift in Sources */ = {isa = PBXBuildFile; fileRef = 0666F2DB287736FE0034D537 /* CameraFrameView.swift */; };
		0666F2DF2877391E0034D537 /* OFCameraManager.swift in Sources */ = {isa = PBXBuildFile; fileRef = 0666F2DE2877391E0034D537 /* OFCameraManager.swift */; };
		0666F2E2287742A10034D537 /* OFCameraFrameManager.swift in Sources */ = {isa = PBXBuildFile; fileRef = 0666F2E1287742A10034D537 /* OFCameraFrameManager.swift */; };
		0666F2E52877445A0034D537 /* OFCameraViewModel.swift in Sources */ = {isa = PBXBuildFile; fileRef = 0666F2E42877445A0034D537 /* OFCameraViewModel.swift */; };
		0666F2E8287782DD0034D537 /* OFCameraViewerView.swift in Sources */ = {isa = PBXBuildFile; fileRef = 0666F2E7287782DD0034D537 /* OFCameraViewerView.swift */; };
		0666F2EB287783EE0034D537 /* OFCameraErrorView.swift in Sources */ = {isa = PBXBuildFile; fileRef = 0666F2EA287783EE0034D537 /* OFCameraErrorView.swift */; };
		0666F2EE287789AD0034D537 /* OFCameraClickableBackground.swift in Sources */ = {isa = PBXBuildFile; fileRef = 0666F2ED287789AD0034D537 /* OFCameraClickableBackground.swift */; };
		0666F2F128783B0D0034D537 /* OFCameraPhotoButton.swift in Sources */ = {isa = PBXBuildFile; fileRef = 0666F2F028783B0C0034D537 /* OFCameraPhotoButton.swift */; };
		0666F2F428783B2D0034D537 /* OFCameraPurpose.swift in Sources */ = {isa = PBXBuildFile; fileRef = 0666F2F328783B2D0034D537 /* OFCameraPurpose.swift */; };
		0666F2F728783B5B0034D537 /* OFCameraFocusPointView.swift in Sources */ = {isa = PBXBuildFile; fileRef = 0666F2F628783B5B0034D537 /* OFCameraFocusPointView.swift */; };
		0666F2FA28783BDB0034D537 /* OFCameraTouchableView.swift in Sources */ = {isa = PBXBuildFile; fileRef = 0666F2F928783BDB0034D537 /* OFCameraTouchableView.swift */; };
		0666F2FE287841EC0034D537 /* OFCameraPosition.swift in Sources */ = {isa = PBXBuildFile; fileRef = 0666F2FD287841EC0034D537 /* OFCameraPosition.swift */; };
		0666F300287841FD0034D537 /* OFCameraPurpose.swift in Sources */ = {isa = PBXBuildFile; fileRef = 0666F2FF287841FD0034D537 /* OFCameraPurpose.swift */; };
		06C7C45828661B6A00625ED6 /* AuthenticationJourneyPositionTests.swift in Sources */ = {isa = PBXBuildFile; fileRef = 06C7C45728661B6A00625ED6 /* AuthenticationJourneyPositionTests.swift */; };
		06C7C45B28661C7700625ED6 /* AuthenticationJourneyViewModel.swift in Sources */ = {isa = PBXBuildFile; fileRef = 06C7C45A28661C7700625ED6 /* AuthenticationJourneyViewModel.swift */; };
		06C7C4602868548200625ED6 /* AuthenticationJourneyView.swift in Sources */ = {isa = PBXBuildFile; fileRef = 06C7C45F2868548200625ED6 /* AuthenticationJourneyView.swift */; };
		06C7C4632868A0CF00625ED6 /* MockAuthentication.swift in Sources */ = {isa = PBXBuildFile; fileRef = 06C7C4622868A0CF00625ED6 /* MockAuthentication.swift */; };
		06C7C4662868B6BA00625ED6 /* ViewBuilder+.swift in Sources */ = {isa = PBXBuildFile; fileRef = 06C7C4652868B6BA00625ED6 /* ViewBuilder+.swift */; };
		06C7C46928691C9A00625ED6 /* AuthenticationJourneyRulesView.swift in Sources */ = {isa = PBXBuildFile; fileRef = 06C7C46828691C9A00625ED6 /* AuthenticationJourneyRulesView.swift */; };
		06C7C46C286921A300625ED6 /* AuthenticationJourneyHelperViews.swift in Sources */ = {isa = PBXBuildFile; fileRef = 06C7C46B286921A300625ED6 /* AuthenticationJourneyHelperViews.swift */; };
		A2A40983BE9FF61246E68297 /* Pods_OnlyFeet.framework in Frameworks */ = {isa = PBXBuildFile; fileRef = 452C26A6EBA71D1780E59D62 /* Pods_OnlyFeet.framework */; };
		D2A13390F9B48DFB25BDFD4F /* Pods_OnlyFeetTests.framework in Frameworks */ = {isa = PBXBuildFile; fileRef = DA299C8839DA13DDBB049464 /* Pods_OnlyFeetTests.framework */; };
/* End PBXBuildFile section */

/* Begin PBXContainerItemProxy section */
		0661961A28611759008DEC29 /* PBXContainerItemProxy */ = {
			isa = PBXContainerItemProxy;
			containerPortal = 0661960128611757008DEC29 /* Project object */;
			proxyType = 1;
			remoteGlobalIDString = 0661960828611757008DEC29;
			remoteInfo = OnlyFeet;
		};
/* End PBXContainerItemProxy section */

/* Begin PBXFileReference section */
		064B2ED128646362009706D1 /* FeetishBasicLoaderView.swift */ = {isa = PBXFileReference; lastKnownFileType = sourcecode.swift; path = FeetishBasicLoaderView.swift; sourceTree = "<group>"; };
		064B2ED62864B3B9009706D1 /* ForgottenPasswordView.swift */ = {isa = PBXFileReference; lastKnownFileType = sourcecode.swift; path = ForgottenPasswordView.swift; sourceTree = "<group>"; };
		064B2EDA2864B403009706D1 /* LoginView.swift */ = {isa = PBXFileReference; lastKnownFileType = sourcecode.swift; path = LoginView.swift; sourceTree = "<group>"; };
		064B2EDD2864B4A9009706D1 /* SignUpView.swift */ = {isa = PBXFileReference; lastKnownFileType = sourcecode.swift; path = SignUpView.swift; sourceTree = "<group>"; };
		064B2EE02865AA2B009706D1 /* AuthenticationJourneyPosition.swift */ = {isa = PBXFileReference; lastKnownFileType = sourcecode.swift; path = AuthenticationJourneyPosition.swift; sourceTree = "<group>"; };
		0661960928611757008DEC29 /* OnlyFeet.app */ = {isa = PBXFileReference; explicitFileType = wrapper.application; includeInIndex = 0; path = OnlyFeet.app; sourceTree = BUILT_PRODUCTS_DIR; };
		0661960C28611757008DEC29 /* OnlyFeetApp.swift */ = {isa = PBXFileReference; lastKnownFileType = sourcecode.swift; path = OnlyFeetApp.swift; sourceTree = "<group>"; };
		0661961028611759008DEC29 /* Assets.xcassets */ = {isa = PBXFileReference; lastKnownFileType = folder.assetcatalog; path = Assets.xcassets; sourceTree = "<group>"; };
		0661961328611759008DEC29 /* Preview Assets.xcassets */ = {isa = PBXFileReference; lastKnownFileType = folder.assetcatalog; path = "Preview Assets.xcassets"; sourceTree = "<group>"; };
		0661961928611759008DEC29 /* OnlyFeetTests.xctest */ = {isa = PBXFileReference; explicitFileType = wrapper.cfbundle; includeInIndex = 0; path = OnlyFeetTests.xctest; sourceTree = BUILT_PRODUCTS_DIR; };
		0661961D28611759008DEC29 /* OnlyFeetTests.swift */ = {isa = PBXFileReference; lastKnownFileType = sourcecode.swift; path = OnlyFeetTests.swift; sourceTree = "<group>"; };
		0661963628613637008DEC29 /* Info.plist */ = {isa = PBXFileReference; lastKnownFileType = text.plist; path = Info.plist; sourceTree = "<group>"; };
		0661963D286136A7008DEC29 /* AuthenticationViewModel.swift */ = {isa = PBXFileReference; lastKnownFileType = sourcecode.swift; path = AuthenticationViewModel.swift; sourceTree = "<group>"; };
		06619640286136CD008DEC29 /* HomeAuthenticationView.swift */ = {isa = PBXFileReference; lastKnownFileType = sourcecode.swift; path = HomeAuthenticationView.swift; sourceTree = "<group>"; };
		0661964328613727008DEC29 /* View+.swift */ = {isa = PBXFileReference; lastKnownFileType = sourcecode.swift; path = "View+.swift"; sourceTree = "<group>"; };
		06619646286138E3008DEC29 /* AuthenticationCurveShape.swift */ = {isa = PBXFileReference; lastKnownFileType = sourcecode.swift; path = AuthenticationCurveShape.swift; sourceTree = "<group>"; };
		0661964B2862FDDB008DEC29 /* FeetishGender.swift */ = {isa = PBXFileReference; lastKnownFileType = sourcecode.swift; path = FeetishGender.swift; sourceTree = "<group>"; };
		0661964E2862FE57008DEC29 /* FeetishAccount.swift */ = {isa = PBXFileReference; lastKnownFileType = sourcecode.swift; path = FeetishAccount.swift; sourceTree = "<group>"; };
		066196502863000A008DEC29 /* FeetishAuthentication.swift */ = {isa = PBXFileReference; lastKnownFileType = sourcecode.swift; path = FeetishAuthentication.swift; sourceTree = "<group>"; };
		066196542863021B008DEC29 /* AppDelegate.swift */ = {isa = PBXFileReference; lastKnownFileType = sourcecode.swift; path = AppDelegate.swift; sourceTree = "<group>"; };
		0661965628633834008DEC29 /* FeetishAuthError.swift */ = {isa = PBXFileReference; lastKnownFileType = sourcecode.swift; path = FeetishAuthError.swift; sourceTree = "<group>"; };
		0661965E28633C15008DEC29 /* FeetishAuthSubject.swift */ = {isa = PBXFileReference; lastKnownFileType = sourcecode.swift; path = FeetishAuthSubject.swift; sourceTree = "<group>"; };
		0661966128633DFD008DEC29 /* getCurrentInterval.swift */ = {isa = PBXFileReference; lastKnownFileType = sourcecode.swift; name = getCurrentInterval.swift; path = "OnlyFeet/Extensions & Extras/Extras/GetCurrentTimeInterval/getCurrentInterval.swift"; sourceTree = SOURCE_ROOT; };
		0661966428633E28008DEC29 /* GoogleService-Info.plist */ = {isa = PBXFileReference; fileEncoding = 4; lastKnownFileType = text.plist.xml; path = "GoogleService-Info.plist"; sourceTree = "<group>"; };
		0661966828638D31008DEC29 /* String+.swift */ = {isa = PBXFileReference; lastKnownFileType = sourcecode.swift; path = "String+.swift"; sourceTree = "<group>"; };
		0661966C28638FD1008DEC29 /* FeetishBannerData.swift */ = {isa = PBXFileReference; lastKnownFileType = sourcecode.swift; path = FeetishBannerData.swift; sourceTree = "<group>"; };
		0661966F28638FF3008DEC29 /* FeetishBannerView.swift */ = {isa = PBXFileReference; lastKnownFileType = sourcecode.swift; path = FeetishBannerView.swift; sourceTree = "<group>"; };
		06619675286390CA008DEC29 /* FeetishBannerViewModel.swift */ = {isa = PBXFileReference; lastKnownFileType = sourcecode.swift; path = FeetishBannerViewModel.swift; sourceTree = "<group>"; };
		066196782863BD8C008DEC29 /* SystemReachability.swift */ = {isa = PBXFileReference; lastKnownFileType = sourcecode.swift; path = SystemReachability.swift; sourceTree = "<group>"; };
		0661967D2863C3DF008DEC29 /* FeetishAccountTests.swift */ = {isa = PBXFileReference; lastKnownFileType = sourcecode.swift; path = FeetishAccountTests.swift; sourceTree = "<group>"; };
		066196802863C613008DEC29 /* FeetishBannerViewModelTests.swift */ = {isa = PBXFileReference; lastKnownFileType = sourcecode.swift; path = FeetishBannerViewModelTests.swift; sourceTree = "<group>"; };
		066196832863C6C8008DEC29 /* FeetishAuthenticationServiceTests.swift */ = {isa = PBXFileReference; lastKnownFileType = sourcecode.swift; path = FeetishAuthenticationServiceTests.swift; sourceTree = "<group>"; };
		0661968B2863D77D008DEC29 /* AuthenticationViewModelTests.swift */ = {isa = PBXFileReference; lastKnownFileType = sourcecode.swift; path = AuthenticationViewModelTests.swift; sourceTree = "<group>"; };
		0662445328692A2D003B50F3 /* AuthenticationJourneyNameView.swift */ = {isa = PBXFileReference; lastKnownFileType = sourcecode.swift; path = AuthenticationJourneyNameView.swift; sourceTree = "<group>"; };
		0662445628692D26003B50F3 /* AuthenticationJourneyDateOfBirthSelectionView.swift */ = {isa = PBXFileReference; lastKnownFileType = sourcecode.swift; path = AuthenticationJourneyDateOfBirthSelectionView.swift; sourceTree = "<group>"; };
		0662445928693273003B50F3 /* Date+.swift */ = {isa = PBXFileReference; lastKnownFileType = sourcecode.swift; path = "Date+.swift"; sourceTree = "<group>"; };
		0662445C286934D9003B50F3 /* AuthenticationJourneyGenderSelectionView.swift */ = {isa = PBXFileReference; lastKnownFileType = sourcecode.swift; path = AuthenticationJourneyGenderSelectionView.swift; sourceTree = "<group>"; };
		0662445F28693796003B50F3 /* AuthenticationJourneyViewModelTests.swift */ = {isa = PBXFileReference; lastKnownFileType = sourcecode.swift; path = AuthenticationJourneyViewModelTests.swift; sourceTree = "<group>"; };
		0662446328693BA6003B50F3 /* AuthenticationJourneyProfilePhotoView.swift */ = {isa = PBXFileReference; lastKnownFileType = sourcecode.swift; path = AuthenticationJourneyProfilePhotoView.swift; sourceTree = "<group>"; };
		0662446728693CAD003B50F3 /* ImagePickerView.swift */ = {isa = PBXFileReference; lastKnownFileType = sourcecode.swift; path = ImagePickerView.swift; sourceTree = "<group>"; };
		0662446A28693F86003B50F3 /* FeetishImageCroppingView.swift */ = {isa = PBXFileReference; lastKnownFileType = sourcecode.swift; path = FeetishImageCroppingView.swift; sourceTree = "<group>"; };
		0662446D28694219003B50F3 /* UIApplication+.swift */ = {isa = PBXFileReference; lastKnownFileType = sourcecode.swift; path = "UIApplication+.swift"; sourceTree = "<group>"; };
		066244702869B2B6003B50F3 /* BiometricType.swift */ = {isa = PBXFileReference; lastKnownFileType = sourcecode.swift; path = BiometricType.swift; sourceTree = "<group>"; };
		0666F2CD2877338F0034D537 /* OFCameraErrorr.swift */ = {isa = PBXFileReference; lastKnownFileType = sourcecode.swift; path = OFCameraErrorr.swift; sourceTree = "<group>"; };
		0666F2D0287733F30034D537 /* CGImage+.swift */ = {isa = PBXFileReference; lastKnownFileType = sourcecode.swift; path = "CGImage+.swift"; sourceTree = "<group>"; };
		0666F2DB287736FE0034D537 /* CameraFrameView.swift */ = {isa = PBXFileReference; lastKnownFileType = sourcecode.swift; path = CameraFrameView.swift; sourceTree = "<group>"; };
		0666F2DE2877391E0034D537 /* OFCameraManager.swift */ = {isa = PBXFileReference; lastKnownFileType = sourcecode.swift; path = OFCameraManager.swift; sourceTree = "<group>"; };
		0666F2E1287742A10034D537 /* OFCameraFrameManager.swift */ = {isa = PBXFileReference; lastKnownFileType = sourcecode.swift; path = OFCameraFrameManager.swift; sourceTree = "<group>"; };
		0666F2E42877445A0034D537 /* OFCameraViewModel.swift */ = {isa = PBXFileReference; lastKnownFileType = sourcecode.swift; path = OFCameraViewModel.swift; sourceTree = "<group>"; };
		0666F2E7287782DD0034D537 /* OFCameraViewerView.swift */ = {isa = PBXFileReference; lastKnownFileType = sourcecode.swift; path = OFCameraViewerView.swift; sourceTree = "<group>"; };
		0666F2EA287783EE0034D537 /* OFCameraErrorView.swift */ = {isa = PBXFileReference; lastKnownFileType = sourcecode.swift; path = OFCameraErrorView.swift; sourceTree = "<group>"; };
		0666F2ED287789AD0034D537 /* OFCameraClickableBackground.swift */ = {isa = PBXFileReference; lastKnownFileType = sourcecode.swift; path = OFCameraClickableBackground.swift; sourceTree = "<group>"; };
		0666F2F028783B0C0034D537 /* OFCameraPhotoButton.swift */ = {isa = PBXFileReference; lastKnownFileType = sourcecode.swift; path = OFCameraPhotoButton.swift; sourceTree = "<group>"; };
		0666F2F328783B2D0034D537 /* OFCameraPurpose.swift */ = {isa = PBXFileReference; lastKnownFileType = sourcecode.swift; path = OFCameraPurpose.swift; sourceTree = "<group>"; };
		0666F2F628783B5B0034D537 /* OFCameraFocusPointView.swift */ = {isa = PBXFileReference; lastKnownFileType = sourcecode.swift; path = OFCameraFocusPointView.swift; sourceTree = "<group>"; };
		0666F2F928783BDB0034D537 /* OFCameraTouchableView.swift */ = {isa = PBXFileReference; lastKnownFileType = sourcecode.swift; path = OFCameraTouchableView.swift; sourceTree = "<group>"; };
		0666F2FD287841EC0034D537 /* OFCameraPosition.swift */ = {isa = PBXFileReference; lastKnownFileType = sourcecode.swift; path = OFCameraPosition.swift; sourceTree = "<group>"; };
		0666F2FF287841FD0034D537 /* OFCameraPurpose.swift */ = {isa = PBXFileReference; lastKnownFileType = sourcecode.swift; path = OFCameraPurpose.swift; sourceTree = "<group>"; };
		06C7C45728661B6A00625ED6 /* AuthenticationJourneyPositionTests.swift */ = {isa = PBXFileReference; lastKnownFileType = sourcecode.swift; path = AuthenticationJourneyPositionTests.swift; sourceTree = "<group>"; };
		06C7C45A28661C7700625ED6 /* AuthenticationJourneyViewModel.swift */ = {isa = PBXFileReference; lastKnownFileType = sourcecode.swift; path = AuthenticationJourneyViewModel.swift; sourceTree = "<group>"; };
		06C7C45F2868548200625ED6 /* AuthenticationJourneyView.swift */ = {isa = PBXFileReference; lastKnownFileType = sourcecode.swift; path = AuthenticationJourneyView.swift; sourceTree = "<group>"; };
		06C7C4622868A0CF00625ED6 /* MockAuthentication.swift */ = {isa = PBXFileReference; lastKnownFileType = sourcecode.swift; path = MockAuthentication.swift; sourceTree = "<group>"; };
		06C7C4652868B6BA00625ED6 /* ViewBuilder+.swift */ = {isa = PBXFileReference; lastKnownFileType = sourcecode.swift; path = "ViewBuilder+.swift"; sourceTree = "<group>"; };
		06C7C46828691C9A00625ED6 /* AuthenticationJourneyRulesView.swift */ = {isa = PBXFileReference; lastKnownFileType = sourcecode.swift; path = AuthenticationJourneyRulesView.swift; sourceTree = "<group>"; };
		06C7C46B286921A300625ED6 /* AuthenticationJourneyHelperViews.swift */ = {isa = PBXFileReference; lastKnownFileType = sourcecode.swift; path = AuthenticationJourneyHelperViews.swift; sourceTree = "<group>"; };
		2676C487FB591CF174628DEE /* Pods-OnlyFeetTests.release.xcconfig */ = {isa = PBXFileReference; includeInIndex = 1; lastKnownFileType = text.xcconfig; name = "Pods-OnlyFeetTests.release.xcconfig"; path = "Target Support Files/Pods-OnlyFeetTests/Pods-OnlyFeetTests.release.xcconfig"; sourceTree = "<group>"; };
		452C26A6EBA71D1780E59D62 /* Pods_OnlyFeet.framework */ = {isa = PBXFileReference; explicitFileType = wrapper.framework; includeInIndex = 0; path = Pods_OnlyFeet.framework; sourceTree = BUILT_PRODUCTS_DIR; };
		5D04ECA6910F9FF4955CF351 /* Pods-OnlyFeetTests.debug.xcconfig */ = {isa = PBXFileReference; includeInIndex = 1; lastKnownFileType = text.xcconfig; name = "Pods-OnlyFeetTests.debug.xcconfig"; path = "Target Support Files/Pods-OnlyFeetTests/Pods-OnlyFeetTests.debug.xcconfig"; sourceTree = "<group>"; };
		788EB589C9EC0B5612B85928 /* Pods-OnlyFeet.debug.xcconfig */ = {isa = PBXFileReference; includeInIndex = 1; lastKnownFileType = text.xcconfig; name = "Pods-OnlyFeet.debug.xcconfig"; path = "Target Support Files/Pods-OnlyFeet/Pods-OnlyFeet.debug.xcconfig"; sourceTree = "<group>"; };
		DA299C8839DA13DDBB049464 /* Pods_OnlyFeetTests.framework */ = {isa = PBXFileReference; explicitFileType = wrapper.framework; includeInIndex = 0; path = Pods_OnlyFeetTests.framework; sourceTree = BUILT_PRODUCTS_DIR; };
		E3567D8E0C5AB03B7FD4CE1C /* Pods-OnlyFeet.release.xcconfig */ = {isa = PBXFileReference; includeInIndex = 1; lastKnownFileType = text.xcconfig; name = "Pods-OnlyFeet.release.xcconfig"; path = "Target Support Files/Pods-OnlyFeet/Pods-OnlyFeet.release.xcconfig"; sourceTree = "<group>"; };
/* End PBXFileReference section */

/* Begin PBXFrameworksBuildPhase section */
		0661960628611757008DEC29 /* Frameworks */ = {
			isa = PBXFrameworksBuildPhase;
			buildActionMask = 2147483647;
			files = (
				A2A40983BE9FF61246E68297 /* Pods_OnlyFeet.framework in Frameworks */,
			);
			runOnlyForDeploymentPostprocessing = 0;
		};
		0661961628611759008DEC29 /* Frameworks */ = {
			isa = PBXFrameworksBuildPhase;
			buildActionMask = 2147483647;
			files = (
				D2A13390F9B48DFB25BDFD4F /* Pods_OnlyFeetTests.framework in Frameworks */,
			);
			runOnlyForDeploymentPostprocessing = 0;
		};
/* End PBXFrameworksBuildPhase section */

/* Begin PBXGroup section */
		064B2ED028646347009706D1 /* FeetishBasicLoaderView */ = {
			isa = PBXGroup;
			children = (
				064B2ED128646362009706D1 /* FeetishBasicLoaderView.swift */,
			);
			path = FeetishBasicLoaderView;
			sourceTree = "<group>";
		};
		064B2ED32864B395009706D1 /* LoginView */ = {
			isa = PBXGroup;
			children = (
				064B2EDA2864B403009706D1 /* LoginView.swift */,
			);
			path = LoginView;
			sourceTree = "<group>";
		};
		064B2ED52864B3A1009706D1 /* ForgottenPasswordView */ = {
			isa = PBXGroup;
			children = (
				064B2ED62864B3B9009706D1 /* ForgottenPasswordView.swift */,
			);
			path = ForgottenPasswordView;
			sourceTree = "<group>";
		};
		064B2EDC2864B4A0009706D1 /* SignUpView */ = {
			isa = PBXGroup;
			children = (
				064B2EDD2864B4A9009706D1 /* SignUpView.swift */,
			);
			path = SignUpView;
			sourceTree = "<group>";
		};
		064B2EDF2865AA1B009706D1 /* AuthenticationJourneyPosition */ = {
			isa = PBXGroup;
			children = (
				064B2EE02865AA2B009706D1 /* AuthenticationJourneyPosition.swift */,
			);
			path = AuthenticationJourneyPosition;
			sourceTree = "<group>";
		};
		0661960028611757008DEC29 = {
			isa = PBXGroup;
			children = (
				0661960B28611757008DEC29 /* OnlyFeet */,
				0661961C28611759008DEC29 /* OnlyFeetTests */,
				0661960A28611757008DEC29 /* Products */,
				562D2D4D733CFB42EAF1CC2F /* Pods */,
				E3C824CC184B646BB439C44D /* Frameworks */,
			);
			sourceTree = "<group>";
		};
		0661960A28611757008DEC29 /* Products */ = {
			isa = PBXGroup;
			children = (
				0661960928611757008DEC29 /* OnlyFeet.app */,
				0661961928611759008DEC29 /* OnlyFeetTests.xctest */,
			);
			name = Products;
			sourceTree = "<group>";
		};
		0661960B28611757008DEC29 /* OnlyFeet */ = {
			isa = PBXGroup;
			children = (
				0661963A28613666008DEC29 /* Extensions & Extras */,
				0661963728613651008DEC29 /* Model */,
				066196392861365C008DEC29 /* View */,
				0661963828613656008DEC29 /* View-Model */,
				0661963628613637008DEC29 /* Info.plist */,
				0661960C28611757008DEC29 /* OnlyFeetApp.swift */,
				066196542863021B008DEC29 /* AppDelegate.swift */,
				0661961028611759008DEC29 /* Assets.xcassets */,
				0661966428633E28008DEC29 /* GoogleService-Info.plist */,
				0661961228611759008DEC29 /* Preview Content */,
			);
			path = OnlyFeet;
			sourceTree = "<group>";
		};
		0661961228611759008DEC29 /* Preview Content */ = {
			isa = PBXGroup;
			children = (
				0661961328611759008DEC29 /* Preview Assets.xcassets */,
			);
			path = "Preview Content";
			sourceTree = "<group>";
		};
		0661961C28611759008DEC29 /* OnlyFeetTests */ = {
			isa = PBXGroup;
			children = (
				0662445E28693785003B50F3 /* AuthenticationJourneyViewModelTests */,
				06C7C45628661B5200625ED6 /* AuthenticationJourneyPositionTests */,
				0661968A2863D76C008DEC29 /* AuthenticationVIewModelTests */,
				066196822863C6AE008DEC29 /* FeetishAuthenticationServiceTests */,
				0661967F2863C600008DEC29 /* FeetishBannerViewModelTests */,
				0661967A2863C3BB008DEC29 /* FeetishAccountTests */,
				0661961D28611759008DEC29 /* OnlyFeetTests.swift */,
			);
			path = OnlyFeetTests;
			sourceTree = "<group>";
		};
		0661963728613651008DEC29 /* Model */ = {
			isa = PBXGroup;
			children = (
				0666F2CB287733710034D537 /* OFCamera */,
				064B2EDF2865AA1B009706D1 /* AuthenticationJourneyPosition */,
				066196772863BD7B008DEC29 /* SystemReachability */,
				0661966A28638FB7008DEC29 /* FeetishBanner */,
				066196492862FDBA008DEC29 /* FeetishAccount */,
				066196482862FDAE008DEC29 /* FeetishAuthentication */,
			);
			path = Model;
			sourceTree = "<group>";
		};
		0661963828613656008DEC29 /* View-Model */ = {
			isa = PBXGroup;
			children = (
				0666F2E32877444B0034D537 /* OFCameraViewModel */,
				06C7C45928661C6800625ED6 /* AuthenticationJourneyViewModel */,
				06619674286390A1008DEC29 /* FeetishBannerViewModel */,
				0661963C2861369D008DEC29 /* AuthenticationViewModel */,
			);
			path = "View-Model";
			sourceTree = "<group>";
		};
		066196392861365C008DEC29 /* View */ = {
			isa = PBXGroup;
			children = (
				0666F2D9287736BE0034D537 /* CameraViews */,
				0662446928693F6E003B50F3 /* FeetishImageCroppingView */,
				0662446528693C98003B50F3 /* View Representables */,
				064B2ED028646347009706D1 /* FeetishBasicLoaderView */,
				0661966E28638FE7008DEC29 /* FeetishBannerView */,
				0661963B2861368F008DEC29 /* Authentication */,
			);
			path = View;
			sourceTree = "<group>";
		};
		0661963A28613666008DEC29 /* Extensions & Extras */ = {
			isa = PBXGroup;
			children = (
				0661966028633DF0008DEC29 /* Extras */,
				0661964228613718008DEC29 /* Extensions */,
			);
			path = "Extensions & Extras";
			sourceTree = "<group>";
		};
		0661963B2861368F008DEC29 /* Authentication */ = {
			isa = PBXGroup;
			children = (
				06C7C45C2868544600625ED6 /* AuthenticationJourneyView */,
				064B2EDC2864B4A0009706D1 /* SignUpView */,
				064B2ED52864B3A1009706D1 /* ForgottenPasswordView */,
				064B2ED32864B395009706D1 /* LoginView */,
				06619645286138D0008DEC29 /* AuthenticationCurveShape */,
				0661963F286136BE008DEC29 /* HomeAuthenticationView */,
			);
			path = Authentication;
			sourceTree = "<group>";
		};
		0661963C2861369D008DEC29 /* AuthenticationViewModel */ = {
			isa = PBXGroup;
			children = (
				0661963D286136A7008DEC29 /* AuthenticationViewModel.swift */,
			);
			path = AuthenticationViewModel;
			sourceTree = "<group>";
		};
		0661963F286136BE008DEC29 /* HomeAuthenticationView */ = {
			isa = PBXGroup;
			children = (
				06619640286136CD008DEC29 /* HomeAuthenticationView.swift */,
			);
			path = HomeAuthenticationView;
			sourceTree = "<group>";
		};
		0661964228613718008DEC29 /* Extensions */ = {
			isa = PBXGroup;
			children = (
				0666F2CF287733E60034D537 /* CGImage+ */,
				0662446C2869420D003B50F3 /* UIApplication+ */,
				066244582869326B003B50F3 /* Date+ */,
				06C7C4642868B6A200625ED6 /* ViewBuilder+ */,
				0661966728638D26008DEC29 /* String+ */,
				0661966628638D21008DEC29 /* View+ */,
			);
			path = Extensions;
			sourceTree = "<group>";
		};
		06619645286138D0008DEC29 /* AuthenticationCurveShape */ = {
			isa = PBXGroup;
			children = (
				06619646286138E3008DEC29 /* AuthenticationCurveShape.swift */,
			);
			path = AuthenticationCurveShape;
			sourceTree = "<group>";
		};
		066196482862FDAE008DEC29 /* FeetishAuthentication */ = {
			isa = PBXGroup;
			children = (
				06C7C4612868A0BF00625ED6 /* MockAuthentication */,
				0661965D28633BFA008DEC29 /* FeetishAuthError */,
				0661965C28633BF3008DEC29 /* FeetishAuthSubject */,
				066196502863000A008DEC29 /* FeetishAuthentication.swift */,
			);
			path = FeetishAuthentication;
			sourceTree = "<group>";
		};
		066196492862FDBA008DEC29 /* FeetishAccount */ = {
			isa = PBXGroup;
			children = (
				0661964E2862FE57008DEC29 /* FeetishAccount.swift */,
				0661964A2862FDC3008DEC29 /* FeetishGender */,
			);
			path = FeetishAccount;
			sourceTree = "<group>";
		};
		0661964A2862FDC3008DEC29 /* FeetishGender */ = {
			isa = PBXGroup;
			children = (
				0661964B2862FDDB008DEC29 /* FeetishGender.swift */,
			);
			path = FeetishGender;
			sourceTree = "<group>";
		};
		0661965C28633BF3008DEC29 /* FeetishAuthSubject */ = {
			isa = PBXGroup;
			children = (
				0661965E28633C15008DEC29 /* FeetishAuthSubject.swift */,
			);
			path = FeetishAuthSubject;
			sourceTree = "<group>";
		};
		0661965D28633BFA008DEC29 /* FeetishAuthError */ = {
			isa = PBXGroup;
			children = (
				0661965628633834008DEC29 /* FeetishAuthError.swift */,
			);
			path = FeetishAuthError;
			sourceTree = "<group>";
		};
		0661966028633DF0008DEC29 /* Extras */ = {
			isa = PBXGroup;
			children = (
				0662446F2869B2A6003B50F3 /* BiometricType */,
				0661966328633E08008DEC29 /* GetCurrentTimeInterval */,
			);
			path = Extras;
			sourceTree = "<group>";
		};
		0661966328633E08008DEC29 /* GetCurrentTimeInterval */ = {
			isa = PBXGroup;
			children = (
				0661966128633DFD008DEC29 /* getCurrentInterval.swift */,
			);
			path = GetCurrentTimeInterval;
			sourceTree = "<group>";
		};
		0661966628638D21008DEC29 /* View+ */ = {
			isa = PBXGroup;
			children = (
				0661964328613727008DEC29 /* View+.swift */,
			);
			path = "View+";
			sourceTree = "<group>";
		};
		0661966728638D26008DEC29 /* String+ */ = {
			isa = PBXGroup;
			children = (
				0661966828638D31008DEC29 /* String+.swift */,
			);
			path = "String+";
			sourceTree = "<group>";
		};
		0661966A28638FB7008DEC29 /* FeetishBanner */ = {
			isa = PBXGroup;
			children = (
				0661966B28638FC3008DEC29 /* FeetishBannerData */,
			);
			path = FeetishBanner;
			sourceTree = "<group>";
		};
		0661966B28638FC3008DEC29 /* FeetishBannerData */ = {
			isa = PBXGroup;
			children = (
				0661966C28638FD1008DEC29 /* FeetishBannerData.swift */,
			);
			path = FeetishBannerData;
			sourceTree = "<group>";
		};
		0661966E28638FE7008DEC29 /* FeetishBannerView */ = {
			isa = PBXGroup;
			children = (
				0661966F28638FF3008DEC29 /* FeetishBannerView.swift */,
			);
			path = FeetishBannerView;
			sourceTree = "<group>";
		};
		06619674286390A1008DEC29 /* FeetishBannerViewModel */ = {
			isa = PBXGroup;
			children = (
				06619675286390CA008DEC29 /* FeetishBannerViewModel.swift */,
			);
			path = FeetishBannerViewModel;
			sourceTree = "<group>";
		};
		066196772863BD7B008DEC29 /* SystemReachability */ = {
			isa = PBXGroup;
			children = (
				066196782863BD8C008DEC29 /* SystemReachability.swift */,
			);
			path = SystemReachability;
			sourceTree = "<group>";
		};
		0661967A2863C3BB008DEC29 /* FeetishAccountTests */ = {
			isa = PBXGroup;
			children = (
				0661967D2863C3DF008DEC29 /* FeetishAccountTests.swift */,
			);
			path = FeetishAccountTests;
			sourceTree = "<group>";
		};
		0661967F2863C600008DEC29 /* FeetishBannerViewModelTests */ = {
			isa = PBXGroup;
			children = (
				066196802863C613008DEC29 /* FeetishBannerViewModelTests.swift */,
			);
			path = FeetishBannerViewModelTests;
			sourceTree = "<group>";
		};
		066196822863C6AE008DEC29 /* FeetishAuthenticationServiceTests */ = {
			isa = PBXGroup;
			children = (
				066196832863C6C8008DEC29 /* FeetishAuthenticationServiceTests.swift */,
			);
			path = FeetishAuthenticationServiceTests;
			sourceTree = "<group>";
		};
		0661968A2863D76C008DEC29 /* AuthenticationVIewModelTests */ = {
			isa = PBXGroup;
			children = (
				0661968B2863D77D008DEC29 /* AuthenticationViewModelTests.swift */,
			);
			path = AuthenticationVIewModelTests;
			sourceTree = "<group>";
		};
		0662445228692A13003B50F3 /* AuthenticationJourneyNameView */ = {
			isa = PBXGroup;
			children = (
				0662445328692A2D003B50F3 /* AuthenticationJourneyNameView.swift */,
			);
			path = AuthenticationJourneyNameView;
			sourceTree = "<group>";
		};
		0662445528692D0A003B50F3 /* AuthenticationJourneyDateOfBirthSelectionView */ = {
			isa = PBXGroup;
			children = (
				0662445628692D26003B50F3 /* AuthenticationJourneyDateOfBirthSelectionView.swift */,
			);
			path = AuthenticationJourneyDateOfBirthSelectionView;
			sourceTree = "<group>";
		};
		066244582869326B003B50F3 /* Date+ */ = {
			isa = PBXGroup;
			children = (
				0662445928693273003B50F3 /* Date+.swift */,
			);
			path = "Date+";
			sourceTree = "<group>";
		};
		0662445B286934C8003B50F3 /* AuthenticationJourneyGenderSelectionView */ = {
			isa = PBXGroup;
			children = (
				0662445C286934D9003B50F3 /* AuthenticationJourneyGenderSelectionView.swift */,
			);
			path = AuthenticationJourneyGenderSelectionView;
			sourceTree = "<group>";
		};
		0662445E28693785003B50F3 /* AuthenticationJourneyViewModelTests */ = {
			isa = PBXGroup;
			children = (
				0662445F28693796003B50F3 /* AuthenticationJourneyViewModelTests.swift */,
			);
			path = AuthenticationJourneyViewModelTests;
			sourceTree = "<group>";
		};
		0662446128693B80003B50F3 /* AuthenticationJourneyProfilePhotoView */ = {
			isa = PBXGroup;
			children = (
				0662446328693BA6003B50F3 /* AuthenticationJourneyProfilePhotoView.swift */,
			);
			path = AuthenticationJourneyProfilePhotoView;
			sourceTree = "<group>";
		};
		0662446528693C98003B50F3 /* View Representables */ = {
			isa = PBXGroup;
			children = (
				0662446628693CA3003B50F3 /* ImagePickerView */,
			);
			path = "View Representables";
			sourceTree = "<group>";
		};
		0662446628693CA3003B50F3 /* ImagePickerView */ = {
			isa = PBXGroup;
			children = (
				0662446728693CAD003B50F3 /* ImagePickerView.swift */,
			);
			path = ImagePickerView;
			sourceTree = "<group>";
		};
		0662446928693F6E003B50F3 /* FeetishImageCroppingView */ = {
			isa = PBXGroup;
			children = (
				0662446A28693F86003B50F3 /* FeetishImageCroppingView.swift */,
			);
			path = FeetishImageCroppingView;
			sourceTree = "<group>";
		};
		0662446C2869420D003B50F3 /* UIApplication+ */ = {
			isa = PBXGroup;
			children = (
				0662446D28694219003B50F3 /* UIApplication+.swift */,
			);
			path = "UIApplication+";
			sourceTree = "<group>";
		};
		0662446F2869B2A6003B50F3 /* BiometricType */ = {
			isa = PBXGroup;
			children = (
				066244702869B2B6003B50F3 /* BiometricType.swift */,
			);
			path = BiometricType;
			sourceTree = "<group>";
		};
		0666F2CB287733710034D537 /* OFCamera */ = {
			isa = PBXGroup;
			children = (
				0666F2FC287841DB0034D537 /* OFCameraPurpose */,
				0666F2FB287841D50034D537 /* OFCameraPosition */,
				0666F2E02877428C0034D537 /* OFCameraFrameManager */,
				0666F2DD2877390E0034D537 /* OFCameraManager */,
				0666F2CC287733810034D537 /* OFCameraError */,
			);
			path = OFCamera;
			sourceTree = "<group>";
		};
		0666F2CC287733810034D537 /* OFCameraError */ = {
			isa = PBXGroup;
			children = (
				0666F2CD2877338F0034D537 /* OFCameraErrorr.swift */,
			);
			path = OFCameraError;
			sourceTree = "<group>";
		};
		0666F2CF287733E60034D537 /* CGImage+ */ = {
			isa = PBXGroup;
			children = (
				0666F2D0287733F30034D537 /* CGImage+.swift */,
			);
			path = "CGImage+";
			sourceTree = "<group>";
		};
		0666F2D9287736BE0034D537 /* CameraViews */ = {
			isa = PBXGroup;
			children = (
				0666F2F828783BC20034D537 /* OFCameraTouchableView */,
				0666F2F528783B470034D537 /* OFCameraFocusPointView */,
				0666F2F228783B1F0034D537 /* OFCameraPurpose */,
				0666F2EF28783AF40034D537 /* OFCameraPhotoButton */,
				0666F2EC287789910034D537 /* OFCameraClickableBackground */,
				0666F2E9287783DA0034D537 /* OFCameraErrorView */,
				0666F2E6287782CD0034D537 /* OFCameraViewerView */,
				0666F2DA287736CD0034D537 /* CameraFrameView */,
			);
			path = CameraViews;
			sourceTree = "<group>";
		};
		0666F2DA287736CD0034D537 /* CameraFrameView */ = {
			isa = PBXGroup;
			children = (
				0666F2DB287736FE0034D537 /* CameraFrameView.swift */,
			);
			path = CameraFrameView;
			sourceTree = "<group>";
		};
		0666F2DD2877390E0034D537 /* OFCameraManager */ = {
			isa = PBXGroup;
			children = (
				0666F2DE2877391E0034D537 /* OFCameraManager.swift */,
			);
			path = OFCameraManager;
			sourceTree = "<group>";
		};
		0666F2E02877428C0034D537 /* OFCameraFrameManager */ = {
			isa = PBXGroup;
			children = (
				0666F2E1287742A10034D537 /* OFCameraFrameManager.swift */,
			);
			path = OFCameraFrameManager;
			sourceTree = "<group>";
		};
		0666F2E32877444B0034D537 /* OFCameraViewModel */ = {
			isa = PBXGroup;
			children = (
				0666F2E42877445A0034D537 /* OFCameraViewModel.swift */,
			);
			path = OFCameraViewModel;
			sourceTree = "<group>";
		};
		0666F2E6287782CD0034D537 /* OFCameraViewerView */ = {
			isa = PBXGroup;
			children = (
				0666F2E7287782DD0034D537 /* OFCameraViewerView.swift */,
			);
			path = OFCameraViewerView;
			sourceTree = "<group>";
		};
		0666F2E9287783DA0034D537 /* OFCameraErrorView */ = {
			isa = PBXGroup;
			children = (
				0666F2EA287783EE0034D537 /* OFCameraErrorView.swift */,
			);
			path = OFCameraErrorView;
			sourceTree = "<group>";
		};
		0666F2EC287789910034D537 /* OFCameraClickableBackground */ = {
			isa = PBXGroup;
			children = (
				0666F2ED287789AD0034D537 /* OFCameraClickableBackground.swift */,
			);
			path = OFCameraClickableBackground;
			sourceTree = "<group>";
		};
		0666F2EF28783AF40034D537 /* OFCameraPhotoButton */ = {
			isa = PBXGroup;
			children = (
				0666F2F028783B0C0034D537 /* OFCameraPhotoButton.swift */,
			);
			path = OFCameraPhotoButton;
			sourceTree = "<group>";
		};
		0666F2F228783B1F0034D537 /* OFCameraPurpose */ = {
			isa = PBXGroup;
			children = (
				0666F2F328783B2D0034D537 /* OFCameraPurpose.swift */,
			);
			path = OFCameraPurpose;
			sourceTree = "<group>";
		};
		0666F2F528783B470034D537 /* OFCameraFocusPointView */ = {
			isa = PBXGroup;
			children = (
				0666F2F628783B5B0034D537 /* OFCameraFocusPointView.swift */,
			);
			path = OFCameraFocusPointView;
			sourceTree = "<group>";
		};
		0666F2F828783BC20034D537 /* OFCameraTouchableView */ = {
			isa = PBXGroup;
			children = (
				0666F2F928783BDB0034D537 /* OFCameraTouchableView.swift */,
			);
			path = OFCameraTouchableView;
			sourceTree = "<group>";
		};
		0666F2FB287841D50034D537 /* OFCameraPosition */ = {
			isa = PBXGroup;
			children = (
				0666F2FD287841EC0034D537 /* OFCameraPosition.swift */,
			);
			path = OFCameraPosition;
			sourceTree = "<group>";
		};
		0666F2FC287841DB0034D537 /* OFCameraPurpose */ = {
			isa = PBXGroup;
			children = (
				0666F2FF287841FD0034D537 /* OFCameraPurpose.swift */,
			);
			path = OFCameraPurpose;
			sourceTree = "<group>";
		};
		06C7C45628661B5200625ED6 /* AuthenticationJourneyPositionTests */ = {
			isa = PBXGroup;
			children = (
				06C7C45728661B6A00625ED6 /* AuthenticationJourneyPositionTests.swift */,
			);
			path = AuthenticationJourneyPositionTests;
			sourceTree = "<group>";
		};
		06C7C45928661C6800625ED6 /* AuthenticationJourneyViewModel */ = {
			isa = PBXGroup;
			children = (
				06C7C45A28661C7700625ED6 /* AuthenticationJourneyViewModel.swift */,
			);
			path = AuthenticationJourneyViewModel;
			sourceTree = "<group>";
		};
		06C7C45C2868544600625ED6 /* AuthenticationJourneyView */ = {
			isa = PBXGroup;
			children = (
				06C7C46A2869218F00625ED6 /* AuthenticationJourneyHelperViews */,
				0662446128693B80003B50F3 /* AuthenticationJourneyProfilePhotoView */,
				0662445B286934C8003B50F3 /* AuthenticationJourneyGenderSelectionView */,
				0662445528692D0A003B50F3 /* AuthenticationJourneyDateOfBirthSelectionView */,
				0662445228692A13003B50F3 /* AuthenticationJourneyNameView */,
				06C7C46728691C7700625ED6 /* AuthenticationJourneyRulesView */,
				06C7C45F2868548200625ED6 /* AuthenticationJourneyView.swift */,
			);
			path = AuthenticationJourneyView;
			sourceTree = "<group>";
		};
		06C7C4612868A0BF00625ED6 /* MockAuthentication */ = {
			isa = PBXGroup;
			children = (
				06C7C4622868A0CF00625ED6 /* MockAuthentication.swift */,
			);
			path = MockAuthentication;
			sourceTree = "<group>";
		};
		06C7C4642868B6A200625ED6 /* ViewBuilder+ */ = {
			isa = PBXGroup;
			children = (
				06C7C4652868B6BA00625ED6 /* ViewBuilder+.swift */,
			);
			path = "ViewBuilder+";
			sourceTree = "<group>";
		};
		06C7C46728691C7700625ED6 /* AuthenticationJourneyRulesView */ = {
			isa = PBXGroup;
			children = (
				06C7C46828691C9A00625ED6 /* AuthenticationJourneyRulesView.swift */,
			);
			path = AuthenticationJourneyRulesView;
			sourceTree = "<group>";
		};
		06C7C46A2869218F00625ED6 /* AuthenticationJourneyHelperViews */ = {
			isa = PBXGroup;
			children = (
				06C7C46B286921A300625ED6 /* AuthenticationJourneyHelperViews.swift */,
			);
			path = AuthenticationJourneyHelperViews;
			sourceTree = "<group>";
		};
		562D2D4D733CFB42EAF1CC2F /* Pods */ = {
			isa = PBXGroup;
			children = (
				788EB589C9EC0B5612B85928 /* Pods-OnlyFeet.debug.xcconfig */,
				E3567D8E0C5AB03B7FD4CE1C /* Pods-OnlyFeet.release.xcconfig */,
				5D04ECA6910F9FF4955CF351 /* Pods-OnlyFeetTests.debug.xcconfig */,
				2676C487FB591CF174628DEE /* Pods-OnlyFeetTests.release.xcconfig */,
			);
			path = Pods;
			sourceTree = "<group>";
		};
		E3C824CC184B646BB439C44D /* Frameworks */ = {
			isa = PBXGroup;
			children = (
				452C26A6EBA71D1780E59D62 /* Pods_OnlyFeet.framework */,
				DA299C8839DA13DDBB049464 /* Pods_OnlyFeetTests.framework */,
			);
			name = Frameworks;
			sourceTree = "<group>";
		};
/* End PBXGroup section */

/* Begin PBXNativeTarget section */
		0661960828611757008DEC29 /* OnlyFeet */ = {
			isa = PBXNativeTarget;
			buildConfigurationList = 0661962D28611759008DEC29 /* Build configuration list for PBXNativeTarget "OnlyFeet" */;
			buildPhases = (
				5F6104507507C97EDCF1AC28 /* [CP] Check Pods Manifest.lock */,
				0661960528611757008DEC29 /* Sources */,
				0661960628611757008DEC29 /* Frameworks */,
				0661960728611757008DEC29 /* Resources */,
				D91BE51E8FDB45DB48044727 /* [CP] Embed Pods Frameworks */,
			);
			buildRules = (
			);
			dependencies = (
			);
			name = OnlyFeet;
			productName = OnlyFeet;
			productReference = 0661960928611757008DEC29 /* OnlyFeet.app */;
			productType = "com.apple.product-type.application";
		};
		0661961828611759008DEC29 /* OnlyFeetTests */ = {
			isa = PBXNativeTarget;
			buildConfigurationList = 0661963028611759008DEC29 /* Build configuration list for PBXNativeTarget "OnlyFeetTests" */;
			buildPhases = (
				B6FEBF99897F515A913C002D /* [CP] Check Pods Manifest.lock */,
				0661961528611759008DEC29 /* Sources */,
				0661961628611759008DEC29 /* Frameworks */,
				0661961728611759008DEC29 /* Resources */,
			);
			buildRules = (
			);
			dependencies = (
				0661961B28611759008DEC29 /* PBXTargetDependency */,
			);
			name = OnlyFeetTests;
			productName = OnlyFeetTests;
			productReference = 0661961928611759008DEC29 /* OnlyFeetTests.xctest */;
			productType = "com.apple.product-type.bundle.unit-test";
		};
/* End PBXNativeTarget section */

/* Begin PBXProject section */
		0661960128611757008DEC29 /* Project object */ = {
			isa = PBXProject;
			attributes = {
				BuildIndependentTargetsInParallel = 1;
				LastSwiftUpdateCheck = 1340;
				LastUpgradeCheck = 1340;
				TargetAttributes = {
					0661960828611757008DEC29 = {
						CreatedOnToolsVersion = 13.4.1;
					};
					0661961828611759008DEC29 = {
						CreatedOnToolsVersion = 13.4.1;
						TestTargetID = 0661960828611757008DEC29;
					};
				};
			};
			buildConfigurationList = 0661960428611757008DEC29 /* Build configuration list for PBXProject "OnlyFeet" */;
			compatibilityVersion = "Xcode 13.0";
			developmentRegion = en;
			hasScannedForEncodings = 0;
			knownRegions = (
				en,
				Base,
			);
			mainGroup = 0661960028611757008DEC29;
			productRefGroup = 0661960A28611757008DEC29 /* Products */;
			projectDirPath = "";
			projectRoot = "";
			targets = (
				0661960828611757008DEC29 /* OnlyFeet */,
				0661961828611759008DEC29 /* OnlyFeetTests */,
			);
		};
/* End PBXProject section */

/* Begin PBXResourcesBuildPhase section */
		0661960728611757008DEC29 /* Resources */ = {
			isa = PBXResourcesBuildPhase;
			buildActionMask = 2147483647;
			files = (
				0661961428611759008DEC29 /* Preview Assets.xcassets in Resources */,
				0661966528633E28008DEC29 /* GoogleService-Info.plist in Resources */,
				0661961128611759008DEC29 /* Assets.xcassets in Resources */,
			);
			runOnlyForDeploymentPostprocessing = 0;
		};
		0661961728611759008DEC29 /* Resources */ = {
			isa = PBXResourcesBuildPhase;
			buildActionMask = 2147483647;
			files = (
			);
			runOnlyForDeploymentPostprocessing = 0;
		};
/* End PBXResourcesBuildPhase section */

/* Begin PBXShellScriptBuildPhase section */
		5F6104507507C97EDCF1AC28 /* [CP] Check Pods Manifest.lock */ = {
			isa = PBXShellScriptBuildPhase;
			buildActionMask = 2147483647;
			files = (
			);
			inputFileListPaths = (
			);
			inputPaths = (
				"${PODS_PODFILE_DIR_PATH}/Podfile.lock",
				"${PODS_ROOT}/Manifest.lock",
			);
			name = "[CP] Check Pods Manifest.lock";
			outputFileListPaths = (
			);
			outputPaths = (
				"$(DERIVED_FILE_DIR)/Pods-OnlyFeet-checkManifestLockResult.txt",
			);
			runOnlyForDeploymentPostprocessing = 0;
			shellPath = /bin/sh;
			shellScript = "diff \"${PODS_PODFILE_DIR_PATH}/Podfile.lock\" \"${PODS_ROOT}/Manifest.lock\" > /dev/null\nif [ $? != 0 ] ; then\n    # print error to STDERR\n    echo \"error: The sandbox is not in sync with the Podfile.lock. Run 'pod install' or update your CocoaPods installation.\" >&2\n    exit 1\nfi\n# This output is used by Xcode 'outputs' to avoid re-running this script phase.\necho \"SUCCESS\" > \"${SCRIPT_OUTPUT_FILE_0}\"\n";
			showEnvVarsInLog = 0;
		};
		B6FEBF99897F515A913C002D /* [CP] Check Pods Manifest.lock */ = {
			isa = PBXShellScriptBuildPhase;
			buildActionMask = 2147483647;
			files = (
			);
			inputFileListPaths = (
			);
			inputPaths = (
				"${PODS_PODFILE_DIR_PATH}/Podfile.lock",
				"${PODS_ROOT}/Manifest.lock",
			);
			name = "[CP] Check Pods Manifest.lock";
			outputFileListPaths = (
			);
			outputPaths = (
				"$(DERIVED_FILE_DIR)/Pods-OnlyFeetTests-checkManifestLockResult.txt",
			);
			runOnlyForDeploymentPostprocessing = 0;
			shellPath = /bin/sh;
			shellScript = "diff \"${PODS_PODFILE_DIR_PATH}/Podfile.lock\" \"${PODS_ROOT}/Manifest.lock\" > /dev/null\nif [ $? != 0 ] ; then\n    # print error to STDERR\n    echo \"error: The sandbox is not in sync with the Podfile.lock. Run 'pod install' or update your CocoaPods installation.\" >&2\n    exit 1\nfi\n# This output is used by Xcode 'outputs' to avoid re-running this script phase.\necho \"SUCCESS\" > \"${SCRIPT_OUTPUT_FILE_0}\"\n";
			showEnvVarsInLog = 0;
		};
		D91BE51E8FDB45DB48044727 /* [CP] Embed Pods Frameworks */ = {
			isa = PBXShellScriptBuildPhase;
			buildActionMask = 2147483647;
			files = (
			);
			inputFileListPaths = (
				"${PODS_ROOT}/Target Support Files/Pods-OnlyFeet/Pods-OnlyFeet-frameworks-${CONFIGURATION}-input-files.xcfilelist",
			);
			name = "[CP] Embed Pods Frameworks";
			outputFileListPaths = (
				"${PODS_ROOT}/Target Support Files/Pods-OnlyFeet/Pods-OnlyFeet-frameworks-${CONFIGURATION}-output-files.xcfilelist",
			);
			runOnlyForDeploymentPostprocessing = 0;
			shellPath = /bin/sh;
			shellScript = "\"${PODS_ROOT}/Target Support Files/Pods-OnlyFeet/Pods-OnlyFeet-frameworks.sh\"\n";
			showEnvVarsInLog = 0;
		};
/* End PBXShellScriptBuildPhase section */

/* Begin PBXSourcesBuildPhase section */
		0661960528611757008DEC29 /* Sources */ = {
			isa = PBXSourcesBuildPhase;
			buildActionMask = 2147483647;
			files = (
				0662446428693BA6003B50F3 /* AuthenticationJourneyProfilePhotoView.swift in Sources */,
				0661964F2862FE57008DEC29 /* FeetishAccount.swift in Sources */,
				0666F2E52877445A0034D537 /* OFCameraViewModel.swift in Sources */,
				06C7C4602868548200625ED6 /* AuthenticationJourneyView.swift in Sources */,
				066244712869B2B6003B50F3 /* BiometricType.swift in Sources */,
				0666F2EB287783EE0034D537 /* OFCameraErrorView.swift in Sources */,
				0666F2E8287782DD0034D537 /* OFCameraViewerView.swift in Sources */,
				06C7C4662868B6BA00625ED6 /* ViewBuilder+.swift in Sources */,
				0666F300287841FD0034D537 /* OFCameraPurpose.swift in Sources */,
				06C7C46928691C9A00625ED6 /* AuthenticationJourneyRulesView.swift in Sources */,
				0666F2E2287742A10034D537 /* OFCameraFrameManager.swift in Sources */,
				0661963E286136A7008DEC29 /* AuthenticationViewModel.swift in Sources */,
				0662445A28693273003B50F3 /* Date+.swift in Sources */,
				064B2ED72864B3B9009706D1 /* ForgottenPasswordView.swift in Sources */,
				06619647286138E3008DEC29 /* AuthenticationCurveShape.swift in Sources */,
				066196552863021B008DEC29 /* AppDelegate.swift in Sources */,
				0661966D28638FD1008DEC29 /* FeetishBannerData.swift in Sources */,
				0666F2DF2877391E0034D537 /* OFCameraManager.swift in Sources */,
				0661960D28611757008DEC29 /* OnlyFeetApp.swift in Sources */,
				0666F2D1287733F30034D537 /* CGImage+.swift in Sources */,
				0666F2F728783B5B0034D537 /* OFCameraFocusPointView.swift in Sources */,
				0661967028638FF3008DEC29 /* FeetishBannerView.swift in Sources */,
				0662445728692D26003B50F3 /* AuthenticationJourneyDateOfBirthSelectionView.swift in Sources */,
				0666F2FA28783BDB0034D537 /* OFCameraTouchableView.swift in Sources */,
				0661965728633835008DEC29 /* FeetishAuthError.swift in Sources */,
				0666F2EE287789AD0034D537 /* OFCameraClickableBackground.swift in Sources */,
				064B2EE12865AA2B009706D1 /* AuthenticationJourneyPosition.swift in Sources */,
				0662446828693CAD003B50F3 /* ImagePickerView.swift in Sources */,
				066196792863BD8C008DEC29 /* SystemReachability.swift in Sources */,
				064B2EDE2864B4A9009706D1 /* SignUpView.swift in Sources */,
				06C7C46C286921A300625ED6 /* AuthenticationJourneyHelperViews.swift in Sources */,
				0661964428613727008DEC29 /* View+.swift in Sources */,
				06619676286390CA008DEC29 /* FeetishBannerViewModel.swift in Sources */,
				06C7C4632868A0CF00625ED6 /* MockAuthentication.swift in Sources */,
				0661966228633DFD008DEC29 /* getCurrentInterval.swift in Sources */,
				0666F2FE287841EC0034D537 /* OFCameraPosition.swift in Sources */,
				06619641286136CD008DEC29 /* HomeAuthenticationView.swift in Sources */,
				0662446B28693F86003B50F3 /* FeetishImageCroppingView.swift in Sources */,
				064B2EDB2864B403009706D1 /* LoginView.swift in Sources */,
				0661965F28633C15008DEC29 /* FeetishAuthSubject.swift in Sources */,
				0661966928638D31008DEC29 /* String+.swift in Sources */,
				06C7C45B28661C7700625ED6 /* AuthenticationJourneyViewModel.swift in Sources */,
				064B2ED228646362009706D1 /* FeetishBasicLoaderView.swift in Sources */,
				0662445D286934D9003B50F3 /* AuthenticationJourneyGenderSelectionView.swift in Sources */,
				0666F2CE2877338F0034D537 /* OFCameraErrorr.swift in Sources */,
				0666F2F128783B0D0034D537 /* OFCameraPhotoButton.swift in Sources */,
				0662446E28694219003B50F3 /* UIApplication+.swift in Sources */,
				0666F2DC287736FE0034D537 /* CameraFrameView.swift in Sources */,
				0666F2F428783B2D0034D537 /* OFCameraPurpose.swift in Sources */,
				0662445428692A2D003B50F3 /* AuthenticationJourneyNameView.swift in Sources */,
				066196512863000A008DEC29 /* FeetishAuthentication.swift in Sources */,
				0661964C2862FDDB008DEC29 /* FeetishGender.swift in Sources */,
			);
			runOnlyForDeploymentPostprocessing = 0;
		};
		0661961528611759008DEC29 /* Sources */ = {
			isa = PBXSourcesBuildPhase;
			buildActionMask = 2147483647;
			files = (
				0662446028693796003B50F3 /* AuthenticationJourneyViewModelTests.swift in Sources */,
				0661967E2863C3DF008DEC29 /* FeetishAccountTests.swift in Sources */,
				066196812863C613008DEC29 /* FeetishBannerViewModelTests.swift in Sources */,
				0661961E28611759008DEC29 /* OnlyFeetTests.swift in Sources */,
				066196842863C6C8008DEC29 /* FeetishAuthenticationServiceTests.swift in Sources */,
				0661968C2863D77D008DEC29 /* AuthenticationViewModelTests.swift in Sources */,
				06C7C45828661B6A00625ED6 /* AuthenticationJourneyPositionTests.swift in Sources */,
			);
			runOnlyForDeploymentPostprocessing = 0;
		};
/* End PBXSourcesBuildPhase section */

/* Begin PBXTargetDependency section */
		0661961B28611759008DEC29 /* PBXTargetDependency */ = {
			isa = PBXTargetDependency;
			target = 0661960828611757008DEC29 /* OnlyFeet */;
			targetProxy = 0661961A28611759008DEC29 /* PBXContainerItemProxy */;
		};
/* End PBXTargetDependency section */

/* Begin XCBuildConfiguration section */
		0661962B28611759008DEC29 /* Debug */ = {
			isa = XCBuildConfiguration;
			buildSettings = {
				ALWAYS_SEARCH_USER_PATHS = NO;
				CLANG_ANALYZER_NONNULL = YES;
				CLANG_ANALYZER_NUMBER_OBJECT_CONVERSION = YES_AGGRESSIVE;
				CLANG_CXX_LANGUAGE_STANDARD = "gnu++17";
				CLANG_ENABLE_MODULES = YES;
				CLANG_ENABLE_OBJC_ARC = YES;
				CLANG_ENABLE_OBJC_WEAK = YES;
				CLANG_WARN_BLOCK_CAPTURE_AUTORELEASING = YES;
				CLANG_WARN_BOOL_CONVERSION = YES;
				CLANG_WARN_COMMA = YES;
				CLANG_WARN_CONSTANT_CONVERSION = YES;
				CLANG_WARN_DEPRECATED_OBJC_IMPLEMENTATIONS = YES;
				CLANG_WARN_DIRECT_OBJC_ISA_USAGE = YES_ERROR;
				CLANG_WARN_DOCUMENTATION_COMMENTS = YES;
				CLANG_WARN_EMPTY_BODY = YES;
				CLANG_WARN_ENUM_CONVERSION = YES;
				CLANG_WARN_INFINITE_RECURSION = YES;
				CLANG_WARN_INT_CONVERSION = YES;
				CLANG_WARN_NON_LITERAL_NULL_CONVERSION = YES;
				CLANG_WARN_OBJC_IMPLICIT_RETAIN_SELF = YES;
				CLANG_WARN_OBJC_LITERAL_CONVERSION = YES;
				CLANG_WARN_OBJC_ROOT_CLASS = YES_ERROR;
				CLANG_WARN_QUOTED_INCLUDE_IN_FRAMEWORK_HEADER = YES;
				CLANG_WARN_RANGE_LOOP_ANALYSIS = YES;
				CLANG_WARN_STRICT_PROTOTYPES = YES;
				CLANG_WARN_SUSPICIOUS_MOVE = YES;
				CLANG_WARN_UNGUARDED_AVAILABILITY = YES_AGGRESSIVE;
				CLANG_WARN_UNREACHABLE_CODE = YES;
				CLANG_WARN__DUPLICATE_METHOD_MATCH = YES;
				COPY_PHASE_STRIP = NO;
				DEBUG_INFORMATION_FORMAT = dwarf;
				ENABLE_STRICT_OBJC_MSGSEND = YES;
				ENABLE_TESTABILITY = YES;
				GCC_C_LANGUAGE_STANDARD = gnu11;
				GCC_DYNAMIC_NO_PIC = NO;
				GCC_NO_COMMON_BLOCKS = YES;
				GCC_OPTIMIZATION_LEVEL = 0;
				GCC_PREPROCESSOR_DEFINITIONS = (
					"DEBUG=1",
					"$(inherited)",
				);
				GCC_WARN_64_TO_32_BIT_CONVERSION = YES;
				GCC_WARN_ABOUT_RETURN_TYPE = YES_ERROR;
				GCC_WARN_UNDECLARED_SELECTOR = YES;
				GCC_WARN_UNINITIALIZED_AUTOS = YES_AGGRESSIVE;
				GCC_WARN_UNUSED_FUNCTION = YES;
				GCC_WARN_UNUSED_VARIABLE = YES;
				IPHONEOS_DEPLOYMENT_TARGET = 15.5;
				MTL_ENABLE_DEBUG_INFO = INCLUDE_SOURCE;
				MTL_FAST_MATH = YES;
				ONLY_ACTIVE_ARCH = YES;
				SDKROOT = iphoneos;
				SWIFT_ACTIVE_COMPILATION_CONDITIONS = DEBUG;
				SWIFT_OPTIMIZATION_LEVEL = "-Onone";
			};
			name = Debug;
		};
		0661962C28611759008DEC29 /* Release */ = {
			isa = XCBuildConfiguration;
			buildSettings = {
				ALWAYS_SEARCH_USER_PATHS = NO;
				CLANG_ANALYZER_NONNULL = YES;
				CLANG_ANALYZER_NUMBER_OBJECT_CONVERSION = YES_AGGRESSIVE;
				CLANG_CXX_LANGUAGE_STANDARD = "gnu++17";
				CLANG_ENABLE_MODULES = YES;
				CLANG_ENABLE_OBJC_ARC = YES;
				CLANG_ENABLE_OBJC_WEAK = YES;
				CLANG_WARN_BLOCK_CAPTURE_AUTORELEASING = YES;
				CLANG_WARN_BOOL_CONVERSION = YES;
				CLANG_WARN_COMMA = YES;
				CLANG_WARN_CONSTANT_CONVERSION = YES;
				CLANG_WARN_DEPRECATED_OBJC_IMPLEMENTATIONS = YES;
				CLANG_WARN_DIRECT_OBJC_ISA_USAGE = YES_ERROR;
				CLANG_WARN_DOCUMENTATION_COMMENTS = YES;
				CLANG_WARN_EMPTY_BODY = YES;
				CLANG_WARN_ENUM_CONVERSION = YES;
				CLANG_WARN_INFINITE_RECURSION = YES;
				CLANG_WARN_INT_CONVERSION = YES;
				CLANG_WARN_NON_LITERAL_NULL_CONVERSION = YES;
				CLANG_WARN_OBJC_IMPLICIT_RETAIN_SELF = YES;
				CLANG_WARN_OBJC_LITERAL_CONVERSION = YES;
				CLANG_WARN_OBJC_ROOT_CLASS = YES_ERROR;
				CLANG_WARN_QUOTED_INCLUDE_IN_FRAMEWORK_HEADER = YES;
				CLANG_WARN_RANGE_LOOP_ANALYSIS = YES;
				CLANG_WARN_STRICT_PROTOTYPES = YES;
				CLANG_WARN_SUSPICIOUS_MOVE = YES;
				CLANG_WARN_UNGUARDED_AVAILABILITY = YES_AGGRESSIVE;
				CLANG_WARN_UNREACHABLE_CODE = YES;
				CLANG_WARN__DUPLICATE_METHOD_MATCH = YES;
				COPY_PHASE_STRIP = NO;
				DEBUG_INFORMATION_FORMAT = "dwarf-with-dsym";
				ENABLE_NS_ASSERTIONS = NO;
				ENABLE_STRICT_OBJC_MSGSEND = YES;
				GCC_C_LANGUAGE_STANDARD = gnu11;
				GCC_NO_COMMON_BLOCKS = YES;
				GCC_WARN_64_TO_32_BIT_CONVERSION = YES;
				GCC_WARN_ABOUT_RETURN_TYPE = YES_ERROR;
				GCC_WARN_UNDECLARED_SELECTOR = YES;
				GCC_WARN_UNINITIALIZED_AUTOS = YES_AGGRESSIVE;
				GCC_WARN_UNUSED_FUNCTION = YES;
				GCC_WARN_UNUSED_VARIABLE = YES;
				IPHONEOS_DEPLOYMENT_TARGET = 15.5;
				MTL_ENABLE_DEBUG_INFO = NO;
				MTL_FAST_MATH = YES;
				SDKROOT = iphoneos;
				SWIFT_COMPILATION_MODE = wholemodule;
				SWIFT_OPTIMIZATION_LEVEL = "-O";
				VALIDATE_PRODUCT = YES;
			};
			name = Release;
		};
		0661962E28611759008DEC29 /* Debug */ = {
			isa = XCBuildConfiguration;
			baseConfigurationReference = 788EB589C9EC0B5612B85928 /* Pods-OnlyFeet.debug.xcconfig */;
			buildSettings = {
				ASSETCATALOG_COMPILER_APPICON_NAME = AppIcon;
				ASSETCATALOG_COMPILER_GLOBAL_ACCENT_COLOR_NAME = AccentColor;
				CODE_SIGN_STYLE = Automatic;
				CURRENT_PROJECT_VERSION = 1;
				DEVELOPMENT_ASSET_PATHS = "\"OnlyFeet/Preview Content\"";
				DEVELOPMENT_TEAM = Z4TQ3QN936;
				ENABLE_PREVIEWS = YES;
				GENERATE_INFOPLIST_FILE = YES;
				INFOPLIST_FILE = OnlyFeet/Info.plist;
				INFOPLIST_KEY_NSAppleMusicUsageDescription = "Feetish needs access to your photo gallery so you can share content";
				INFOPLIST_KEY_NSCameraUsageDescription = "Feetish needs access to your camera so you can share content";
				INFOPLIST_KEY_NSMicrophoneUsageDescription = "Feetish needs access to your microphone for adding a voice to videos etc";
				INFOPLIST_KEY_UIApplicationSceneManifest_Generation = YES;
				INFOPLIST_KEY_UIApplicationSupportsIndirectInputEvents = YES;
				INFOPLIST_KEY_UISupportedInterfaceOrientations = UIInterfaceOrientationPortrait;
				INFOPLIST_KEY_UISupportedInterfaceOrientations_iPad = "UIInterfaceOrientationPortrait UIInterfaceOrientationPortraitUpsideDown UIInterfaceOrientationLandscapeLeft UIInterfaceOrientationLandscapeRight";
				INFOPLIST_KEY_UISupportedInterfaceOrientations_iPhone = UIInterfaceOrientationPortrait;
				LD_RUNPATH_SEARCH_PATHS = (
					"$(inherited)",
					"@executable_path/Frameworks",
				);
				MARKETING_VERSION = 1.0;
				PRODUCT_BUNDLE_IDENTIFIER = app.feetish.OnlyFeet;
				PRODUCT_NAME = "$(TARGET_NAME)";
				SWIFT_EMIT_LOC_STRINGS = YES;
				SWIFT_VERSION = 5.0;
				TARGETED_DEVICE_FAMILY = 1;
			};
			name = Debug;
		};
		0661962F28611759008DEC29 /* Release */ = {
			isa = XCBuildConfiguration;
			baseConfigurationReference = E3567D8E0C5AB03B7FD4CE1C /* Pods-OnlyFeet.release.xcconfig */;
			buildSettings = {
				ASSETCATALOG_COMPILER_APPICON_NAME = AppIcon;
				ASSETCATALOG_COMPILER_GLOBAL_ACCENT_COLOR_NAME = AccentColor;
				CODE_SIGN_STYLE = Automatic;
				CURRENT_PROJECT_VERSION = 1;
				DEVELOPMENT_ASSET_PATHS = "\"OnlyFeet/Preview Content\"";
				DEVELOPMENT_TEAM = Z4TQ3QN936;
				ENABLE_PREVIEWS = YES;
				GENERATE_INFOPLIST_FILE = YES;
				INFOPLIST_FILE = OnlyFeet/Info.plist;
				INFOPLIST_KEY_NSAppleMusicUsageDescription = "Feetish needs access to your photo gallery so you can share content";
				INFOPLIST_KEY_NSCameraUsageDescription = "Feetish needs access to your camera so you can share content";
				INFOPLIST_KEY_NSMicrophoneUsageDescription = "Feetish needs access to your microphone for adding a voice to videos etc";
				INFOPLIST_KEY_UIApplicationSceneManifest_Generation = YES;
				INFOPLIST_KEY_UIApplicationSupportsIndirectInputEvents = YES;
				INFOPLIST_KEY_UISupportedInterfaceOrientations = UIInterfaceOrientationPortrait;
				INFOPLIST_KEY_UISupportedInterfaceOrientations_iPad = "UIInterfaceOrientationPortrait UIInterfaceOrientationPortraitUpsideDown UIInterfaceOrientationLandscapeLeft UIInterfaceOrientationLandscapeRight";
				INFOPLIST_KEY_UISupportedInterfaceOrientations_iPhone = UIInterfaceOrientationPortrait;
				LD_RUNPATH_SEARCH_PATHS = (
					"$(inherited)",
					"@executable_path/Frameworks",
				);
				MARKETING_VERSION = 1.0;
				PRODUCT_BUNDLE_IDENTIFIER = app.feetish.OnlyFeet;
				PRODUCT_NAME = "$(TARGET_NAME)";
				SWIFT_EMIT_LOC_STRINGS = YES;
				SWIFT_VERSION = 5.0;
				TARGETED_DEVICE_FAMILY = 1;
			};
			name = Release;
		};
		0661963128611759008DEC29 /* Debug */ = {
			isa = XCBuildConfiguration;
			baseConfigurationReference = 5D04ECA6910F9FF4955CF351 /* Pods-OnlyFeetTests.debug.xcconfig */;
			buildSettings = {
				ALWAYS_EMBED_SWIFT_STANDARD_LIBRARIES = YES;
				BUNDLE_LOADER = "$(TEST_HOST)";
				CODE_SIGN_STYLE = Automatic;
				CURRENT_PROJECT_VERSION = 1;
				DEVELOPMENT_TEAM = T4LCWHVG69;
				GENERATE_INFOPLIST_FILE = YES;
				IPHONEOS_DEPLOYMENT_TARGET = 15.5;
				MARKETING_VERSION = 1.0;
				PRODUCT_BUNDLE_IDENTIFIER = app.feetish.OnlyFeetTests;
				PRODUCT_NAME = "$(TARGET_NAME)";
				SWIFT_EMIT_LOC_STRINGS = NO;
				SWIFT_VERSION = 5.0;
				TARGETED_DEVICE_FAMILY = "1,2";
				TEST_HOST = "$(BUILT_PRODUCTS_DIR)/OnlyFeet.app/OnlyFeet";
			};
			name = Debug;
		};
		0661963228611759008DEC29 /* Release */ = {
			isa = XCBuildConfiguration;
			baseConfigurationReference = 2676C487FB591CF174628DEE /* Pods-OnlyFeetTests.release.xcconfig */;
			buildSettings = {
				ALWAYS_EMBED_SWIFT_STANDARD_LIBRARIES = YES;
				BUNDLE_LOADER = "$(TEST_HOST)";
				CODE_SIGN_STYLE = Automatic;
				CURRENT_PROJECT_VERSION = 1;
				DEVELOPMENT_TEAM = T4LCWHVG69;
				GENERATE_INFOPLIST_FILE = YES;
				IPHONEOS_DEPLOYMENT_TARGET = 15.5;
				MARKETING_VERSION = 1.0;
				PRODUCT_BUNDLE_IDENTIFIER = app.feetish.OnlyFeetTests;
				PRODUCT_NAME = "$(TARGET_NAME)";
				SWIFT_EMIT_LOC_STRINGS = NO;
				SWIFT_VERSION = 5.0;
				TARGETED_DEVICE_FAMILY = "1,2";
				TEST_HOST = "$(BUILT_PRODUCTS_DIR)/OnlyFeet.app/OnlyFeet";
			};
			name = Release;
		};
/* End XCBuildConfiguration section */

/* Begin XCConfigurationList section */
		0661960428611757008DEC29 /* Build configuration list for PBXProject "OnlyFeet" */ = {
			isa = XCConfigurationList;
			buildConfigurations = (
				0661962B28611759008DEC29 /* Debug */,
				0661962C28611759008DEC29 /* Release */,
			);
			defaultConfigurationIsVisible = 0;
			defaultConfigurationName = Release;
		};
		0661962D28611759008DEC29 /* Build configuration list for PBXNativeTarget "OnlyFeet" */ = {
			isa = XCConfigurationList;
			buildConfigurations = (
				0661962E28611759008DEC29 /* Debug */,
				0661962F28611759008DEC29 /* Release */,
			);
			defaultConfigurationIsVisible = 0;
			defaultConfigurationName = Release;
		};
		0661963028611759008DEC29 /* Build configuration list for PBXNativeTarget "OnlyFeetTests" */ = {
			isa = XCConfigurationList;
			buildConfigurations = (
				0661963128611759008DEC29 /* Debug */,
				0661963228611759008DEC29 /* Release */,
			);
			defaultConfigurationIsVisible = 0;
			defaultConfigurationName = Release;
		};
/* End XCConfigurationList section */
	};
	rootObject = 0661960128611757008DEC29 /* Project object */;
}
